{
  "name": "pencl-config",
  "version": "1.0.0",
  "lockfileVersion": 1,
  "requires": true,
  "dependencies": {
    "pencl-base": {
      "version": "git+https://github.com/TerraZero/pencl-base.git#38d4300dd7e4c53e50c77d89ca14a46671e1ca6d",
      "from": "git+https://github.com/TerraZero/pencl-base.git"
    }
  }
}
