{
  "name": "pencl-config",
  "version": "1.0.0",
  "lockfileVersion": 1,
  "requires": true,
  "dependencies": {
    "pencl-base": {
      "version": "git+https://github.com/TerraZero/pencl-base.git#5c202219eee6b4f56abbf02a72cf4a8e1a8f0ec5",
      "from": "git+https://github.com/TerraZero/pencl-base.git"
    }
  }
}
