{
  "name": "pencl-config",
  "version": "1.0.0",
  "lockfileVersion": 1,
  "requires": true,
  "dependencies": {
    "pencl-base": {
      "version": "git+https://github.com/TerraZero/pencl-base.git#516ad8c5a3be8348901f18c5c494779a1359d1e9",
      "from": "git+https://github.com/TerraZero/pencl-base.git"
    }
  }
}
